
Microsoft Visual Studio Solution File, Format Version 11.00
# Visual Studio 2010
Project("{E24C65DC-7377-472B-9ABA-BC803B73C61A}") = "Deber8_RegistroRecetas_CSS", "F:\ARQUITECTURA WEB\Proyectos\Deber8_RegistroRecetas_CSS\", "{BF87F4F4-8DFA-4EFF-A9E9-644961342E6B}"
	ProjectSection(WebsiteProperties) = preProject
		TargetFrameworkMoniker = ".NETFramework,Version%3Dv4.0"
		Debug.AspNetCompiler.VirtualPath = "/Deber8_RegistroRecetas_CSS"
		Debug.AspNetCompiler.PhysicalPath = "F:\ARQUITECTURA WEB\Proyectos\Deber8_RegistroRecetas_CSS\"
		Debug.AspNetCompiler.TargetPath = "PrecompiledWeb\Deber8_RegistroRecetas_CSS\"
		Debug.AspNetCompiler.Updateable = "true"
		Debug.AspNetCompiler.ForceOverwrite = "true"
		Debug.AspNetCompiler.FixedNames = "false"
		Debug.AspNetCompiler.Debug = "True"
		Release.AspNetCompiler.VirtualPath = "/Deber8_RegistroRecetas_CSS"
		Release.AspNetCompiler.PhysicalPath = "F:\ARQUITECTURA WEB\Proyectos\Deber8_RegistroRecetas_CSS\"
		Release.AspNetCompiler.TargetPath = "PrecompiledWeb\Deber8_RegistroRecetas_CSS\"
		Release.AspNetCompiler.Updateable = "true"
		Release.AspNetCompiler.ForceOverwrite = "true"
		Release.AspNetCompiler.FixedNames = "false"
		Release.AspNetCompiler.Debug = "False"
		VWDPort = "59950"
		DefaultWebSiteLanguage = "Visual C#"
	EndProjectSection
EndProject
Global
	GlobalSection(SolutionConfigurationPlatforms) = preSolution
		Debug|Any CPU = Debug|Any CPU
	EndGlobalSection
	GlobalSection(ProjectConfigurationPlatforms) = postSolution
		{BF87F4F4-8DFA-4EFF-A9E9-644961342E6B}.Debug|Any CPU.ActiveCfg = Debug|Any CPU
		{BF87F4F4-8DFA-4EFF-A9E9-644961342E6B}.Debug|Any CPU.Build.0 = Debug|Any CPU
	EndGlobalSection
	GlobalSection(SolutionProperties) = preSolution
		HideSolutionNode = FALSE
	EndGlobalSection
EndGlobal
