
Microsoft Visual Studio Solution File, Format Version 11.00
# Visual Studio 2010
Project("{E24C65DC-7377-472B-9ABA-BC803B73C61A}") = "ProyectoNº2", "F:\ARQUITECTURA WEB\Proyectos\ProyectoNº2\", "{04052C9C-A749-4923-A6E7-3BC4EC17382D}"
	ProjectSection(WebsiteProperties) = preProject
		TargetFrameworkMoniker = ".NETFramework,Version%3Dv4.0"
		Debug.AspNetCompiler.VirtualPath = "/ProyectoNº2"
		Debug.AspNetCompiler.PhysicalPath = "F:\ARQUITECTURA WEB\Proyectos\ProyectoNº2\"
		Debug.AspNetCompiler.TargetPath = "PrecompiledWeb\ProyectoNº2\"
		Debug.AspNetCompiler.Updateable = "true"
		Debug.AspNetCompiler.ForceOverwrite = "true"
		Debug.AspNetCompiler.FixedNames = "false"
		Debug.AspNetCompiler.Debug = "True"
		Release.AspNetCompiler.VirtualPath = "/ProyectoNº2"
		Release.AspNetCompiler.PhysicalPath = "F:\ARQUITECTURA WEB\Proyectos\ProyectoNº2\"
		Release.AspNetCompiler.TargetPath = "PrecompiledWeb\ProyectoNº2\"
		Release.AspNetCompiler.Updateable = "true"
		Release.AspNetCompiler.ForceOverwrite = "true"
		Release.AspNetCompiler.FixedNames = "false"
		Release.AspNetCompiler.Debug = "False"
		VWDPort = "56656"
		DefaultWebSiteLanguage = "Visual C#"
	EndProjectSection
EndProject
Global
	GlobalSection(SolutionConfigurationPlatforms) = preSolution
		Debug|Any CPU = Debug|Any CPU
	EndGlobalSection
	GlobalSection(ProjectConfigurationPlatforms) = postSolution
		{04052C9C-A749-4923-A6E7-3BC4EC17382D}.Debug|Any CPU.ActiveCfg = Debug|Any CPU
		{04052C9C-A749-4923-A6E7-3BC4EC17382D}.Debug|Any CPU.Build.0 = Debug|Any CPU
	EndGlobalSection
	GlobalSection(SolutionProperties) = preSolution
		HideSolutionNode = FALSE
	EndGlobalSection
EndGlobal
