
Microsoft Visual Studio Solution File, Format Version 11.00
# Visual Studio 2010
Project("{E24C65DC-7377-472B-9ABA-BC803B73C61A}") = "Deber7", ".", "{C537D8F1-59D5-4982-A874-000F39B73E76}"
	ProjectSection(WebsiteProperties) = preProject
		TargetFrameworkMoniker = ".NETFramework,Version%3Dv4.0"
		Debug.AspNetCompiler.VirtualPath = "/Deber7"
		Debug.AspNetCompiler.PhysicalPath = "..\Deber7\"
		Debug.AspNetCompiler.TargetPath = "PrecompiledWeb\Deber7\"
		Debug.AspNetCompiler.Updateable = "true"
		Debug.AspNetCompiler.ForceOverwrite = "true"
		Debug.AspNetCompiler.FixedNames = "false"
		Debug.AspNetCompiler.Debug = "True"
		Release.AspNetCompiler.VirtualPath = "/Deber7"
		Release.AspNetCompiler.PhysicalPath = "..\Deber7\"
		Release.AspNetCompiler.TargetPath = "PrecompiledWeb\Deber7\"
		Release.AspNetCompiler.Updateable = "true"
		Release.AspNetCompiler.ForceOverwrite = "true"
		Release.AspNetCompiler.FixedNames = "false"
		Release.AspNetCompiler.Debug = "False"
		VWDPort = "59336"
	EndProjectSection
EndProject
Global
	GlobalSection(SolutionConfigurationPlatforms) = preSolution
		Debug|Any CPU = Debug|Any CPU
	EndGlobalSection
	GlobalSection(ProjectConfigurationPlatforms) = postSolution
		{C537D8F1-59D5-4982-A874-000F39B73E76}.Debug|Any CPU.ActiveCfg = Debug|Any CPU
		{C537D8F1-59D5-4982-A874-000F39B73E76}.Debug|Any CPU.Build.0 = Debug|Any CPU
	EndGlobalSection
	GlobalSection(SolutionProperties) = preSolution
		HideSolutionNode = FALSE
	EndGlobalSection
EndGlobal
