
Microsoft Visual Studio Solution File, Format Version 11.00
# Visual Studio 2010
Project("{E24C65DC-7377-472B-9ABA-BC803B73C61A}") = "Prueba2_Sanchez", "..\..\..\..\Prueba2_Sanchez\", "{85EB3810-1E79-42A4-93CB-927BBE86EFCD}"
	ProjectSection(WebsiteProperties) = preProject
		TargetFrameworkMoniker = ".NETFramework,Version%3Dv4.0"
		Debug.AspNetCompiler.VirtualPath = "/Prueba2_Sanchez"
		Debug.AspNetCompiler.PhysicalPath = "..\..\..\..\Prueba2_Sanchez\"
		Debug.AspNetCompiler.TargetPath = "PrecompiledWeb\Prueba2_Sanchez\"
		Debug.AspNetCompiler.Updateable = "true"
		Debug.AspNetCompiler.ForceOverwrite = "true"
		Debug.AspNetCompiler.FixedNames = "false"
		Debug.AspNetCompiler.Debug = "True"
		Release.AspNetCompiler.VirtualPath = "/Prueba2_Sanchez"
		Release.AspNetCompiler.PhysicalPath = "..\..\..\..\Prueba2_Sanchez\"
		Release.AspNetCompiler.TargetPath = "PrecompiledWeb\Prueba2_Sanchez\"
		Release.AspNetCompiler.Updateable = "true"
		Release.AspNetCompiler.ForceOverwrite = "true"
		Release.AspNetCompiler.FixedNames = "false"
		Release.AspNetCompiler.Debug = "False"
		VWDPort = "50356"
		DefaultWebSiteLanguage = "Visual C#"
	EndProjectSection
EndProject
Global
	GlobalSection(SolutionConfigurationPlatforms) = preSolution
		Debug|Any CPU = Debug|Any CPU
	EndGlobalSection
	GlobalSection(ProjectConfigurationPlatforms) = postSolution
		{85EB3810-1E79-42A4-93CB-927BBE86EFCD}.Debug|Any CPU.ActiveCfg = Debug|Any CPU
		{85EB3810-1E79-42A4-93CB-927BBE86EFCD}.Debug|Any CPU.Build.0 = Debug|Any CPU
	EndGlobalSection
	GlobalSection(SolutionProperties) = preSolution
		HideSolutionNode = FALSE
	EndGlobalSection
EndGlobal
